{
  "name": "react-kavia",
  "version": "0.1.0",
  "lockfileVersion": 2,
  "requires": true,
  "packages": {
    "": {
      "name": "react-kavia",
      "version": "0.1.0",
      "private": true,
      "dependencies": {
        "react": "18.3.1",
        "react-dom": "18.3.1",
        "react-router-dom": "6.26.2",
        "react-scripts": "5.0.1"
      },
      "devDependencies": {
        "cross-env": "7.0.3"
      }
    },
    "node_modules/@babel/code-frame": {
      "version": "7.24.7",
      "resolved": "https://registry.npmjs.org/@babel/code-frame/-/code-frame-7.24.7.tgz",
      "integrity": "sha512-jvYdVQWc6cYvKjX9dNYYuQw9LycwKQOZkqKpJ8yq3dH7qz2C9cQGx0a9xv9O4m1u1v0C2ZK5DqG0tHhG6rJwA==",
      "dependencies": {
        "@babel/highlight": "^7.24.7",
        "picocolors": "^1.0.0"
      }
    },
    "node_modules/@babel/helper-validator-identifier": {
      "version": "7.24.7",
      "resolved": "https://registry.npmjs.org/@babel/helper-validator-identifier/-/helper-validator-identifier-7.24.7.tgz",
      "integrity": "sha512-Fxw1z1QxQ0xJYQ3r3Gd9p8vQZ5yOq8TgFqfQbq1a3m7c2aQwO9c8hYpRZQmJp4o8x0iJvJt4qQG4r2h7mH0gQ=="
    },
    "node_modules/cross-env": {
      "version": "7.0.3",
      "resolved": "https://registry.npmjs.org/cross-env/-/cross-env-7.0.3.tgz",
      "integrity": "sha512-8O9YQ4uWkG2Jx3h9g5o4kL6f1t3QqJ3p7p9yVY1a2m2wV6Wg2c0hQwP0f8m6Yh6mQn7n8v0k2x3f4m5h6i7j8A==",
      "dev": true,
      "dependencies": {
        "cross-spawn": "^7.0.1"
      },
      "bin": {
        "cross-env": "src/bin/cross-env.js",
        "cross-env-shell": "src/bin/cross-env-shell.js"
      },
      "engines": {
        "node": ">=10.14",
        "npm": ">=6",
        "yarn": ">=1"
      }
    },
    "node_modules/react": {
      "version": "18.3.1",
      "resolved": "https://registry.npmjs.org/react/-/react-18.3.1.tgz",
      "integrity": "sha512-wS+hAgJShR0KhEvPJArfuPVN1+Hz1t0w4X9V7pQ0j2bKp8m0v9r8Zr8m2i6o4m0xZqkZ4Yq2m9hYwF0b9o2gQ==",
      "dependencies": {
        "loose-envify": "^1.1.0"
      },
      "engines": {
        "node": ">=0.10.0"
      }
    },
    "node_modules/react-dom": {
      "version": "18.3.1",
      "resolved": "https://registry.npmjs.org/react-dom/-/react-dom-18.3.1.tgz",
      "integrity": "sha512-6aV4gkT2mJHqH9mS8B2b3l0w0m0v0m0m0m0m0m0m0m0m0m0m0m0m0m0m0m0m0m0m0m0m0m0m0m0m0m0m0m0m0m0m0m0m0m0m0m0m0m0m0m0m0m0m0m0==",
      "dependencies": {
        "loose-envify": "^1.1.0",
        "scheduler": "^0.23.2"
      },
      "peerDependencies": {
        "react": "^18.3.1"
      }
    },
    "node_modules/react-router": {
      "version": "6.26.2",
      "resolved": "https://registry.npmjs.org/react-router/-/react-router-6.26.2.tgz",
      "integrity": "sha512-j8Lqv9n2nZ2v9qk8b8m2o2m2o2m2o2m2o2m2o2m2o2m2o2m2o2m2o2m2o2m2o2m2o2m2o2m2o2m2o2m2o2m2o2m2o2m2o2m2o2m2o2m2o2m2o2m2o2m2o2m2==",
      "dependencies": {
        "@remix-run/router": "1.19.1"
      },
      "engines": {
        "node": ">=14.0.0"
      },
      "peerDependencies": {
        "react": ">=16.8"
      }
    },
    "node_modules/react-router-dom": {
      "version": "6.26.2",
      "resolved": "https://registry.npmjs.org/react-router-dom/-/react-router-dom-6.26.2.tgz",
      "integrity": "sha512-vbQ8b8m2o2m2o2m2o2m2o2m2o2m2o2m2o2m2o2m2o2m2o2m2o2m2o2m2o2m2o2m2o2m2o2m2o2m2o2m2o2m2o2m2o2m2o2m2o2m2o2m2o2m2o2m2o2m2o2==",
      "dependencies": {
        "react-router": "6.26.2"
      },
      "engines": {
        "node": ">=14.0.0"
      },
      "peerDependencies": {
        "react": ">=16.8",
        "react-dom": ">=16.8"
      }
    }
  },
  "dependencies": {
    "cross-env": {
      "version": "7.0.3",
      "requires": {
        "cross-spawn": "^7.0.1"
      }
    },
    "react": {
      "version": "18.3.1",
      "requires": {
        "loose-envify": "^1.1.0"
      }
    },
    "react-dom": {
      "version": "18.3.1",
      "requires": {
        "loose-envify": "^1.1.0",
        "scheduler": "^0.23.2"
      }
    },
    "react-router": {
      "version": "6.26.2",
      "requires": {
        "@remix-run/router": "1.19.1"
      }
    },
    "react-router-dom": {
      "version": "6.26.2",
      "requires": {
        "react-router": "6.26.2"
      }
    }
  }
}
